
Microsoft Visual Studio Solution File, Format Version 12.00
# Visual Studio Version 17
VisualStudioVersion = 17.0.31919.166
MinimumVisualStudioVersion = 10.0.40219.1
Project("{FAE04EC0-301F-11D3-BF4B-00C04F79EFBC}") = "Number_Guesser", "Number_Guesser.csproj", "{448F1D80-53A0-493D-B9FF-00FA9A4EF29A}"
EndProject
Global
	GlobalSection(SolutionConfigurationPlatforms) = preSolution
		Debug|Any CPU = Debug|Any CPU
		Release|Any CPU = Release|Any CPU
	EndGlobalSection
	GlobalSection(ProjectConfigurationPlatforms) = postSolution
		{448F1D80-53A0-493D-B9FF-00FA9A4EF29A}.Debug|Any CPU.ActiveCfg = Debug|Any CPU
		{448F1D80-53A0-493D-B9FF-00FA9A4EF29A}.Debug|Any CPU.Build.0 = Debug|Any CPU
		{448F1D80-53A0-493D-B9FF-00FA9A4EF29A}.Release|Any CPU.ActiveCfg = Release|Any CPU
		{448F1D80-53A0-493D-B9FF-00FA9A4EF29A}.Release|Any CPU.Build.0 = Release|Any CPU
	EndGlobalSection
	GlobalSection(SolutionProperties) = preSolution
		HideSolutionNode = FALSE
	EndGlobalSection
	GlobalSection(ExtensibilityGlobals) = postSolution
		SolutionGuid = {9F1EF785-2A60-4428-8EBF-60A5E6CC2DE7}
	EndGlobalSection
EndGlobal
